
Microsoft Visual Studio Solution File, Format Version 12.00
# Visual Studio Version 17
VisualStudioVersion = 17.0.31912.275
MinimumVisualStudioVersion = 10.0.40219.1
Project("{9A19103F-16F7-4668-BE54-9A1E7A4F7556}") = "SynologyDotNet.Core", "SynologyDotNet.Core\SynologyDotNet.Core.csproj", "{1C478F5D-7773-487C-8679-B9C2B6153064}"
EndProject
Project("{9A19103F-16F7-4668-BE54-9A1E7A4F7556}") = "SynologyDotNet.Core.Test", "SynologyDotNet.Core.Test\SynologyDotNet.Core.Test.csproj", "{B518AA11-6644-4E3A-B41B-D309761BBC46}"
EndProject
Project("{9A19103F-16F7-4668-BE54-9A1E7A4F7556}") = "SynologyDotNet.Core.IntegrationTest", "SynologyDotNet.Core.IntegrationTest\SynologyDotNet.Core.IntegrationTest.csproj", "{7D70880C-55CF-43FB-86B5-A93999392178}"
EndProject
Global
	GlobalSection(SolutionConfigurationPlatforms) = preSolution
		Debug|Any CPU = Debug|Any CPU
		Release|Any CPU = Release|Any CPU
	EndGlobalSection
	GlobalSection(ProjectConfigurationPlatforms) = postSolution
		{1C478F5D-7773-487C-8679-B9C2B6153064}.Debug|Any CPU.ActiveCfg = Debug|Any CPU
		{1C478F5D-7773-487C-8679-B9C2B6153064}.Debug|Any CPU.Build.0 = Debug|Any CPU
		{1C478F5D-7773-487C-8679-B9C2B6153064}.Release|Any CPU.ActiveCfg = Release|Any CPU
		{1C478F5D-7773-487C-8679-B9C2B6153064}.Release|Any CPU.Build.0 = Release|Any CPU
		{B518AA11-6644-4E3A-B41B-D309761BBC46}.Debug|Any CPU.ActiveCfg = Debug|Any CPU
		{B518AA11-6644-4E3A-B41B-D309761BBC46}.Debug|Any CPU.Build.0 = Debug|Any CPU
		{B518AA11-6644-4E3A-B41B-D309761BBC46}.Release|Any CPU.ActiveCfg = Release|Any CPU
		{B518AA11-6644-4E3A-B41B-D309761BBC46}.Release|Any CPU.Build.0 = Release|Any CPU
		{7D70880C-55CF-43FB-86B5-A93999392178}.Debug|Any CPU.ActiveCfg = Debug|Any CPU
		{7D70880C-55CF-43FB-86B5-A93999392178}.Debug|Any CPU.Build.0 = Debug|Any CPU
		{7D70880C-55CF-43FB-86B5-A93999392178}.Release|Any CPU.ActiveCfg = Release|Any CPU
		{7D70880C-55CF-43FB-86B5-A93999392178}.Release|Any CPU.Build.0 = Release|Any CPU
	EndGlobalSection
	GlobalSection(SolutionProperties) = preSolution
		HideSolutionNode = FALSE
	EndGlobalSection
	GlobalSection(ExtensibilityGlobals) = postSolution
		SolutionGuid = {0DB74B8E-58EB-4654-ADA1-7DB2A7216ED7}
	EndGlobalSection
EndGlobal
